// !$*UTF8*$!
{
	archiveVersion = 1;
	classes = {
	};
	objectVersion = 46;
	objects = {

/* Begin PBXBuildFile section */
		16DE6B9441F2F99AFC33E58B /* libPods-KS-LoveFreshBeen.a in Frameworks */ = {isa = PBXBuildFile; fileRef = 3D01417E3365214180202FB3 /* libPods-KS-LoveFreshBeen.a */; };
		23886FCC1CFF344400D7C7F3 /* AppDelegate.swift in Sources */ = {isa = PBXBuildFile; fileRef = 23886FCB1CFF344400D7C7F3 /* AppDelegate.swift */; };
		23886FCE1CFF344400D7C7F3 /* ViewController.swift in Sources */ = {isa = PBXBuildFile; fileRef = 23886FCD1CFF344400D7C7F3 /* ViewController.swift */; };
		23886FD11CFF344400D7C7F3 /* Main.storyboard in Resources */ = {isa = PBXBuildFile; fileRef = 23886FCF1CFF344400D7C7F3 /* Main.storyboard */; };
		23886FD31CFF344400D7C7F3 /* Assets.xcassets in Resources */ = {isa = PBXBuildFile; fileRef = 23886FD21CFF344400D7C7F3 /* Assets.xcassets */; };
		23886FD61CFF344400D7C7F3 /* LaunchScreen.storyboard in Resources */ = {isa = PBXBuildFile; fileRef = 23886FD41CFF344400D7C7F3 /* LaunchScreen.storyboard */; };
		23886FE11CFF344400D7C7F3 /* KS_LoveFreshBeenTests.swift in Sources */ = {isa = PBXBuildFile; fileRef = 23886FE01CFF344400D7C7F3 /* KS_LoveFreshBeenTests.swift */; };
/* End PBXBuildFile section */

/* Begin PBXContainerItemProxy section */
		23886FDD1CFF344400D7C7F3 /* PBXContainerItemProxy */ = {
			isa = PBXContainerItemProxy;
			containerPortal = 23886FC01CFF344400D7C7F3 /* Project object */;
			proxyType = 1;
			remoteGlobalIDString = 23886FC71CFF344400D7C7F3;
			remoteInfo = "KS-LoveFreshBeen";
		};
/* End PBXContainerItemProxy section */

/* Begin PBXFileReference section */
		23886FC81CFF344400D7C7F3 /* KS-LoveFreshBeen.app */ = {isa = PBXFileReference; explicitFileType = wrapper.application; includeInIndex = 0; path = "KS-LoveFreshBeen.app"; sourceTree = BUILT_PRODUCTS_DIR; };
		23886FCB1CFF344400D7C7F3 /* AppDelegate.swift */ = {isa = PBXFileReference; lastKnownFileType = sourcecode.swift; path = AppDelegate.swift; sourceTree = "<group>"; };
		23886FCD1CFF344400D7C7F3 /* ViewController.swift */ = {isa = PBXFileReference; lastKnownFileType = sourcecode.swift; path = ViewController.swift; sourceTree = "<group>"; };
		23886FD01CFF344400D7C7F3 /* Base */ = {isa = PBXFileReference; lastKnownFileType = file.storyboard; name = Base; path = Base.lproj/Main.storyboard; sourceTree = "<group>"; };
		23886FD21CFF344400D7C7F3 /* Assets.xcassets */ = {isa = PBXFileReference; lastKnownFileType = folder.assetcatalog; path = Assets.xcassets; sourceTree = "<group>"; };
		23886FD51CFF344400D7C7F3 /* Base */ = {isa = PBXFileReference; lastKnownFileType = file.storyboard; name = Base; path = Base.lproj/LaunchScreen.storyboard; sourceTree = "<group>"; };
		23886FD71CFF344400D7C7F3 /* Info.plist */ = {isa = PBXFileReference; lastKnownFileType = text.plist.xml; path = Info.plist; sourceTree = "<group>"; };
		23886FDC1CFF344400D7C7F3 /* KS-LoveFreshBeenTests.xctest */ = {isa = PBXFileReference; explicitFileType = wrapper.cfbundle; includeInIndex = 0; path = "KS-LoveFreshBeenTests.xctest"; sourceTree = BUILT_PRODUCTS_DIR; };
		23886FE01CFF344400D7C7F3 /* KS_LoveFreshBeenTests.swift */ = {isa = PBXFileReference; lastKnownFileType = sourcecode.swift; path = KS_LoveFreshBeenTests.swift; sourceTree = "<group>"; };
		23886FE21CFF344400D7C7F3 /* Info.plist */ = {isa = PBXFileReference; lastKnownFileType = text.plist.xml; path = Info.plist; sourceTree = "<group>"; };
		2C2365C316CAD8EB89631E2A /* Pods-KS-LoveFreshBeen.release.xcconfig */ = {isa = PBXFileReference; includeInIndex = 1; lastKnownFileType = text.xcconfig; name = "Pods-KS-LoveFreshBeen.release.xcconfig"; path = "Pods/Target Support Files/Pods-KS-LoveFreshBeen/Pods-KS-LoveFreshBeen.release.xcconfig"; sourceTree = "<group>"; };
		3D01417E3365214180202FB3 /* libPods-KS-LoveFreshBeen.a */ = {isa = PBXFileReference; explicitFileType = archive.ar; includeInIndex = 0; path = "libPods-KS-LoveFreshBeen.a"; sourceTree = BUILT_PRODUCTS_DIR; };
		609AA49E20F20CDE1BED93A9 /* Pods-KS-LoveFreshBeen.debug.xcconfig */ = {isa = PBXFileReference; includeInIndex = 1; lastKnownFileType = text.xcconfig; name = "Pods-KS-LoveFreshBeen.debug.xcconfig"; path = "Pods/Target Support Files/Pods-KS-LoveFreshBeen/Pods-KS-LoveFreshBeen.debug.xcconfig"; sourceTree = "<group>"; };
/* End PBXFileReference section */

/* Begin PBXFrameworksBuildPhase section */
		23886FC51CFF344400D7C7F3 /* Frameworks */ = {
			isa = PBXFrameworksBuildPhase;
			buildActionMask = 2147483647;
			files = (
				16DE6B9441F2F99AFC33E58B /* libPods-KS-LoveFreshBeen.a in Frameworks */,
			);
			runOnlyForDeploymentPostprocessing = 0;
		};
		23886FD91CFF344400D7C7F3 /* Frameworks */ = {
			isa = PBXFrameworksBuildPhase;
			buildActionMask = 2147483647;
			files = (
			);
			runOnlyForDeploymentPostprocessing = 0;
		};
/* End PBXFrameworksBuildPhase section */

/* Begin PBXGroup section */
		23886FBF1CFF344400D7C7F3 = {
			isa = PBXGroup;
			children = (
				23886FCA1CFF344400D7C7F3 /* KS-LoveFreshBeen */,
				23886FDF1CFF344400D7C7F3 /* KS-LoveFreshBeenTests */,
				23886FC91CFF344400D7C7F3 /* Products */,
				49BC5902E3C878FCA1C8A27C /* Pods */,
				93335218A321573331A42DC7 /* Frameworks */,
			);
			sourceTree = "<group>";
		};
		23886FC91CFF344400D7C7F3 /* Products */ = {
			isa = PBXGroup;
			children = (
				23886FC81CFF344400D7C7F3 /* KS-LoveFreshBeen.app */,
				23886FDC1CFF344400D7C7F3 /* KS-LoveFreshBeenTests.xctest */,
			);
			name = Products;
			sourceTree = "<group>";
		};
		23886FCA1CFF344400D7C7F3 /* KS-LoveFreshBeen */ = {
			isa = PBXGroup;
			children = (
				23886FCB1CFF344400D7C7F3 /* AppDelegate.swift */,
				23886FCD1CFF344400D7C7F3 /* ViewController.swift */,
				23886FCF1CFF344400D7C7F3 /* Main.storyboard */,
				23886FD21CFF344400D7C7F3 /* Assets.xcassets */,
				23886FD41CFF344400D7C7F3 /* LaunchScreen.storyboard */,
				23886FD71CFF344400D7C7F3 /* Info.plist */,
			);
			path = "KS-LoveFreshBeen";
			sourceTree = "<group>";
		};
		23886FDF1CFF344400D7C7F3 /* KS-LoveFreshBeenTests */ = {
			isa = PBXGroup;
			children = (
				23886FE01CFF344400D7C7F3 /* KS_LoveFreshBeenTests.swift */,
				23886FE21CFF344400D7C7F3 /* Info.plist */,
			);
			path = "KS-LoveFreshBeenTests";
			sourceTree = "<group>";
		};
		49BC5902E3C878FCA1C8A27C /* Pods */ = {
			isa = PBXGroup;
			children = (
				609AA49E20F20CDE1BED93A9 /* Pods-KS-LoveFreshBeen.debug.xcconfig */,
				2C2365C316CAD8EB89631E2A /* Pods-KS-LoveFreshBeen.release.xcconfig */,
			);
			name = Pods;
			sourceTree = "<group>";
		};
		93335218A321573331A42DC7 /* Frameworks */ = {
			isa = PBXGroup;
			children = (
				3D01417E3365214180202FB3 /* libPods-KS-LoveFreshBeen.a */,
			);
			name = Frameworks;
			sourceTree = "<group>";
		};
/* End PBXGroup section */

/* Begin PBXNativeTarget section */
		23886FC71CFF344400D7C7F3 /* KS-LoveFreshBeen */ = {
			isa = PBXNativeTarget;
			buildConfigurationList = 23886FE51CFF344400D7C7F3 /* Build configuration list for PBXNativeTarget "KS-LoveFreshBeen" */;
			buildPhases = (
				5ECA2B6FA0F839C4CBBF7DC6 /* 📦 Check Pods Manifest.lock */,
				23886FC41CFF344400D7C7F3 /* Sources */,
				23886FC51CFF344400D7C7F3 /* Frameworks */,
				23886FC61CFF344400D7C7F3 /* Resources */,
				68E37CE1BE9175C10589C037 /* 📦 Embed Pods Frameworks */,
				D07E3C178349C98B44578044 /* 📦 Copy Pods Resources */,
			);
			buildRules = (
			);
			dependencies = (
			);
			name = "KS-LoveFreshBeen";
			productName = "KS-LoveFreshBeen";
			productReference = 23886FC81CFF344400D7C7F3 /* KS-LoveFreshBeen.app */;
			productType = "com.apple.product-type.application";
		};
		23886FDB1CFF344400D7C7F3 /* KS-LoveFreshBeenTests */ = {
			isa = PBXNativeTarget;
			buildConfigurationList = 23886FE81CFF344400D7C7F3 /* Build configuration list for PBXNativeTarget "KS-LoveFreshBeenTests" */;
			buildPhases = (
				23886FD81CFF344400D7C7F3 /* Sources */,
				23886FD91CFF344400D7C7F3 /* Frameworks */,
				23886FDA1CFF344400D7C7F3 /* Resources */,
			);
			buildRules = (
			);
			dependencies = (
				23886FDE1CFF344400D7C7F3 /* PBXTargetDependency */,
			);
			name = "KS-LoveFreshBeenTests";
			productName = "KS-LoveFreshBeenTests";
			productReference = 23886FDC1CFF344400D7C7F3 /* KS-LoveFreshBeenTests.xctest */;
			productType = "com.apple.product-type.bundle.unit-test";
		};
/* End PBXNativeTarget section */

/* Begin PBXProject section */
		23886FC01CFF344400D7C7F3 /* Project object */ = {
			isa = PBXProject;
			attributes = {
				LastSwiftUpdateCheck = 0720;
				LastUpgradeCheck = 0720;
				ORGANIZATIONNAME = kaisa.huang;
				TargetAttributes = {
					23886FC71CFF344400D7C7F3 = {
						CreatedOnToolsVersion = 7.2;
					};
					23886FDB1CFF344400D7C7F3 = {
						CreatedOnToolsVersion = 7.2;
						TestTargetID = 23886FC71CFF344400D7C7F3;
					};
				};
			};
			buildConfigurationList = 23886FC31CFF344400D7C7F3 /* Build configuration list for PBXProject "KS-LoveFreshBeen" */;
			compatibilityVersion = "Xcode 3.2";
			developmentRegion = English;
			hasScannedForEncodings = 0;
			knownRegions = (
				en,
				Base,
			);
			mainGroup = 23886FBF1CFF344400D7C7F3;
			productRefGroup = 23886FC91CFF344400D7C7F3 /* Products */;
			projectDirPath = "";
			projectRoot = "";
			targets = (
				23886FC71CFF344400D7C7F3 /* KS-LoveFreshBeen */,
				23886FDB1CFF344400D7C7F3 /* KS-LoveFreshBeenTests */,
			);
		};
/* End PBXProject section */

/* Begin PBXResourcesBuildPhase section */
		23886FC61CFF344400D7C7F3 /* Resources */ = {
			isa = PBXResourcesBuildPhase;
			buildActionMask = 2147483647;
			files = (
				23886FD61CFF344400D7C7F3 /* LaunchScreen.storyboard in Resources */,
				23886FD31CFF344400D7C7F3 /* Assets.xcassets in Resources */,
				23886FD11CFF344400D7C7F3 /* Main.storyboard in Resources */,
			);
			runOnlyForDeploymentPostprocessing = 0;
		};
		23886FDA1CFF344400D7C7F3 /* Resources */ = {
			isa = PBXResourcesBuildPhase;
			buildActionMask = 2147483647;
			files = (
			);
			runOnlyForDeploymentPostprocessing = 0;
		};
/* End PBXResourcesBuildPhase section */

/* Begin PBXShellScriptBuildPhase section */
		5ECA2B6FA0F839C4CBBF7DC6 /* 📦 Check Pods Manifest.lock */ = {
			isa = PBXShellScriptBuildPhase;
			buildActionMask = 2147483647;
			files = (
			);
			inputPaths = (
			);
			name = "📦 Check Pods Manifest.lock";
			outputPaths = (
			);
			runOnlyForDeploymentPostprocessing = 0;
			shellPath = /bin/sh;
			shellScript = "diff \"${PODS_ROOT}/../Podfile.lock\" \"${PODS_ROOT}/Manifest.lock\" > /dev/null\nif [[ $? != 0 ]] ; then\n    cat << EOM\nerror: The sandbox is not in sync with the Podfile.lock. Run 'pod install' or update your CocoaPods installation.\nEOM\n    exit 1\nfi\n";
			showEnvVarsInLog = 0;
		};
		68E37CE1BE9175C10589C037 /* 📦 Embed Pods Frameworks */ = {
			isa = PBXShellScriptBuildPhase;
			buildActionMask = 2147483647;
			files = (
			);
			inputPaths = (
			);
			name = "📦 Embed Pods Frameworks";
			outputPaths = (
			);
			runOnlyForDeploymentPostprocessing = 0;
			shellPath = /bin/sh;
			shellScript = "\"${SRCROOT}/Pods/Target Support Files/Pods-KS-LoveFreshBeen/Pods-KS-LoveFreshBeen-frameworks.sh\"\n";
			showEnvVarsInLog = 0;
		};
		D07E3C178349C98B44578044 /* 📦 Copy Pods Resources */ = {
			isa = PBXShellScriptBuildPhase;
			buildActionMask = 2147483647;
			files = (
			);
			inputPaths = (
			);
			name = "📦 Copy Pods Resources";
			outputPaths = (
			);
			runOnlyForDeploymentPostprocessing = 0;
			shellPath = /bin/sh;
			shellScript = "\"${SRCROOT}/Pods/Target Support Files/Pods-KS-LoveFreshBeen/Pods-KS-LoveFreshBeen-resources.sh\"\n";
			showEnvVarsInLog = 0;
		};
/* End PBXShellScriptBuildPhase section */

/* Begin PBXSourcesBuildPhase section */
		23886FC41CFF344400D7C7F3 /* Sources */ = {
			isa = PBXSourcesBuildPhase;
			buildActionMask = 2147483647;
			files = (
				23886FCE1CFF344400D7C7F3 /* ViewController.swift in Sources */,
				23886FCC1CFF344400D7C7F3 /* AppDelegate.swift in Sources */,
			);
			runOnlyForDeploymentPostprocessing = 0;
		};
		23886FD81CFF344400D7C7F3 /* Sources */ = {
			isa = PBXSourcesBuildPhase;
			buildActionMask = 2147483647;
			files = (
				23886FE11CFF344400D7C7F3 /* KS_LoveFreshBeenTests.swift in Sources */,
			);
			runOnlyForDeploymentPostprocessing = 0;
		};
/* End PBXSourcesBuildPhase section */

/* Begin PBXTargetDependency section */
		23886FDE1CFF344400D7C7F3 /* PBXTargetDependency */ = {
			isa = PBXTargetDependency;
			target = 23886FC71CFF344400D7C7F3 /* KS-LoveFreshBeen */;
			targetProxy = 23886FDD1CFF344400D7C7F3 /* PBXContainerItemProxy */;
		};
/* End PBXTargetDependency section */

/* Begin PBXVariantGroup section */
		23886FCF1CFF344400D7C7F3 /* Main.storyboard */ = {
			isa = PBXVariantGroup;
			children = (
				23886FD01CFF344400D7C7F3 /* Base */,
			);
			name = Main.storyboard;
			sourceTree = "<group>";
		};
		23886FD41CFF344400D7C7F3 /* LaunchScreen.storyboard */ = {
			isa = PBXVariantGroup;
			children = (
				23886FD51CFF344400D7C7F3 /* Base */,
			);
			name = LaunchScreen.storyboard;
			sourceTree = "<group>";
		};
/* End PBXVariantGroup section */

/* Begin XCBuildConfiguration section */
		23886FE31CFF344400D7C7F3 /* Debug */ = {
			isa = XCBuildConfiguration;
			buildSettings = {
				ALWAYS_SEARCH_USER_PATHS = NO;
				CLANG_CXX_LANGUAGE_STANDARD = "gnu++0x";
				CLANG_CXX_LIBRARY = "libc++";
				CLANG_ENABLE_MODULES = YES;
				CLANG_ENABLE_OBJC_ARC = YES;
				CLANG_WARN_BOOL_CONVERSION = YES;
				CLANG_WARN_CONSTANT_CONVERSION = YES;
				CLANG_WARN_DIRECT_OBJC_ISA_USAGE = YES_ERROR;
				CLANG_WARN_EMPTY_BODY = YES;
				CLANG_WARN_ENUM_CONVERSION = YES;
				CLANG_WARN_INT_CONVERSION = YES;
				CLANG_WARN_OBJC_ROOT_CLASS = YES_ERROR;
				CLANG_WARN_UNREACHABLE_CODE = YES;
				CLANG_WARN__DUPLICATE_METHOD_MATCH = YES;
				"CODE_SIGN_IDENTITY[sdk=iphoneos*]" = "iPhone Developer";
				COPY_PHASE_STRIP = NO;
				DEBUG_INFORMATION_FORMAT = dwarf;
				ENABLE_STRICT_OBJC_MSGSEND = YES;
				ENABLE_TESTABILITY = YES;
				GCC_C_LANGUAGE_STANDARD = gnu99;
				GCC_DYNAMIC_NO_PIC = NO;
				GCC_NO_COMMON_BLOCKS = YES;
				GCC_OPTIMIZATION_LEVEL = 0;
				GCC_PREPROCESSOR_DEFINITIONS = (
					"DEBUG=1",
					"$(inherited)",
				);
				GCC_WARN_64_TO_32_BIT_CONVERSION = YES;
				GCC_WARN_ABOUT_RETURN_TYPE = YES_ERROR;
				GCC_WARN_UNDECLARED_SELECTOR = YES;
				GCC_WARN_UNINITIALIZED_AUTOS = YES_AGGRESSIVE;
				GCC_WARN_UNUSED_FUNCTION = YES;
				GCC_WARN_UNUSED_VARIABLE = YES;
				IPHONEOS_DEPLOYMENT_TARGET = 9.2;
				MTL_ENABLE_DEBUG_INFO = YES;
				ONLY_ACTIVE_ARCH = YES;
				SDKROOT = iphoneos;
				SWIFT_OPTIMIZATION_LEVEL = "-Onone";
				TARGETED_DEVICE_FAMILY = "1,2";
			};
			name = Debug;
		};
		23886FE41CFF344400D7C7F3 /* Release */ = {
			isa = XCBuildConfiguration;
			buildSettings = {
				ALWAYS_SEARCH_USER_PATHS = NO;
				CLANG_CXX_LANGUAGE_STANDARD = "gnu++0x";
				CLANG_CXX_LIBRARY = "libc++";
				CLANG_ENABLE_MODULES = YES;
				CLANG_ENABLE_OBJC_ARC = YES;
				CLANG_WARN_BOOL_CONVERSION = YES;
				CLANG_WARN_CONSTANT_CONVERSION = YES;
				CLANG_WARN_DIRECT_OBJC_ISA_USAGE = YES_ERROR;
				CLANG_WARN_EMPTY_BODY = YES;
				CLANG_WARN_ENUM_CONVERSION = YES;
				CLANG_WARN_INT_CONVERSION = YES;
				CLANG_WARN_OBJC_ROOT_CLASS = YES_ERROR;
				CLANG_WARN_UNREACHABLE_CODE = YES;
				CLANG_WARN__DUPLICATE_METHOD_MATCH = YES;
				"CODE_SIGN_IDENTITY[sdk=iphoneos*]" = "iPhone Developer";
				COPY_PHASE_STRIP = NO;
				DEBUG_INFORMATION_FORMAT = "dwarf-with-dsym";
				ENABLE_NS_ASSERTIONS = NO;
				ENABLE_STRICT_OBJC_MSGSEND = YES;
				GCC_C_LANGUAGE_STANDARD = gnu99;
				GCC_NO_COMMON_BLOCKS = YES;
				GCC_WARN_64_TO_32_BIT_CONVERSION = YES;
				GCC_WARN_ABOUT_RETURN_TYPE = YES_ERROR;
				GCC_WARN_UNDECLARED_SELECTOR = YES;
				GCC_WARN_UNINITIALIZED_AUTOS = YES_AGGRESSIVE;
				GCC_WARN_UNUSED_FUNCTION = YES;
				GCC_WARN_UNUSED_VARIABLE = YES;
				IPHONEOS_DEPLOYMENT_TARGET = 9.2;
				MTL_ENABLE_DEBUG_INFO = NO;
				SDKROOT = iphoneos;
				TARGETED_DEVICE_FAMILY = "1,2";
				VALIDATE_PRODUCT = YES;
			};
			name = Release;
		};
		23886FE61CFF344400D7C7F3 /* Debug */ = {
			isa = XCBuildConfiguration;
			baseConfigurationReference = 609AA49E20F20CDE1BED93A9 /* Pods-KS-LoveFreshBeen.debug.xcconfig */;
			buildSettings = {
				ASSETCATALOG_COMPILER_APPICON_NAME = AppIcon;
				INFOPLIST_FILE = "KS-LoveFreshBeen/Info.plist";
				LD_RUNPATH_SEARCH_PATHS = "$(inherited) @executable_path/Frameworks";
				PRODUCT_BUNDLE_IDENTIFIER = "TR.KS-LoveFreshBeen";
				PRODUCT_NAME = "$(TARGET_NAME)";
			};
			name = Debug;
		};
		23886FE71CFF344400D7C7F3 /* Release */ = {
			isa = XCBuildConfiguration;
			baseConfigurationReference = 2C2365C316CAD8EB89631E2A /* Pods-KS-LoveFreshBeen.release.xcconfig */;
			buildSettings = {
				ASSETCATALOG_COMPILER_APPICON_NAME = AppIcon;
				INFOPLIST_FILE = "KS-LoveFreshBeen/Info.plist";
				LD_RUNPATH_SEARCH_PATHS = "$(inherited) @executable_path/Frameworks";
				PRODUCT_BUNDLE_IDENTIFIER = "TR.KS-LoveFreshBeen";
				PRODUCT_NAME = "$(TARGET_NAME)";
			};
			name = Release;
		};
		23886FE91CFF344400D7C7F3 /* Debug */ = {
			isa = XCBuildConfiguration;
			buildSettings = {
				BUNDLE_LOADER = "$(TEST_HOST)";
				INFOPLIST_FILE = "KS-LoveFreshBeenTests/Info.plist";
				LD_RUNPATH_SEARCH_PATHS = "$(inherited) @executable_path/Frameworks @loader_path/Frameworks";
				PRODUCT_BUNDLE_IDENTIFIER = "TR.KS-LoveFreshBeenTests";
				PRODUCT_NAME = "$(TARGET_NAME)";
				TEST_HOST = "$(BUILT_PRODUCTS_DIR)/KS-LoveFreshBeen.app/KS-LoveFreshBeen";
			};
			name = Debug;
		};
		23886FEA1CFF344400D7C7F3 /* Release */ = {
			isa = XCBuildConfiguration;
			buildSettings = {
				BUNDLE_LOADER = "$(TEST_HOST)";
				INFOPLIST_FILE = "KS-LoveFreshBeenTests/Info.plist";
				LD_RUNPATH_SEARCH_PATHS = "$(inherited) @executable_path/Frameworks @loader_path/Frameworks";
				PRODUCT_BUNDLE_IDENTIFIER = "TR.KS-LoveFreshBeenTests";
				PRODUCT_NAME = "$(TARGET_NAME)";
				TEST_HOST = "$(BUILT_PRODUCTS_DIR)/KS-LoveFreshBeen.app/KS-LoveFreshBeen";
			};
			name = Release;
		};
/* End XCBuildConfiguration section */

/* Begin XCConfigurationList section */
		23886FC31CFF344400D7C7F3 /* Build configuration list for PBXProject "KS-LoveFreshBeen" */ = {
			isa = XCConfigurationList;
			buildConfigurations = (
				23886FE31CFF344400D7C7F3 /* Debug */,
				23886FE41CFF344400D7C7F3 /* Release */,
			);
			defaultConfigurationIsVisible = 0;
			defaultConfigurationName = Release;
		};
		23886FE51CFF344400D7C7F3 /* Build configuration list for PBXNativeTarget "KS-LoveFreshBeen" */ = {
			isa = XCConfigurationList;
			buildConfigurations = (
				23886FE61CFF344400D7C7F3 /* Debug */,
				23886FE71CFF344400D7C7F3 /* Release */,
			);
			defaultConfigurationIsVisible = 0;
			defaultConfigurationName = Release;
		};
		23886FE81CFF344400D7C7F3 /* Build configuration list for PBXNativeTarget "KS-LoveFreshBeenTests" */ = {
			isa = XCConfigurationList;
			buildConfigurations = (
				23886FE91CFF344400D7C7F3 /* Debug */,
				23886FEA1CFF344400D7C7F3 /* Release */,
			);
			defaultConfigurationIsVisible = 0;
			defaultConfigurationName = Release;
		};
/* End XCConfigurationList section */
	};
	rootObject = 23886FC01CFF344400D7C7F3 /* Project object */;
}
